version = 1
revision = 2
requires-python = ">=3.13"

[[package]]
name = "mysql-connector-python"
version = "9.3.0"
source = { registry = "https://pypi.org/simple" }
sdist = { url = "https://files.pythonhosted.org/packages/82/5e/55b265cb95938e271208e5692d7e615c53f2aeea894ab72a9f14ab198e9a/mysql-connector-python-9.3.0.tar.gz", hash = "sha256:8b16d51447e3603f18478fb5a19b333bfb73fb58f872eb055a105635f53d2345", size = 942579, upload-time = "2025-05-07T18:50:34.339Z" }
wheels = [
    { url = "https://files.pythonhosted.org/packages/6a/16/5762061505a0d0d3a333613b6f5d7b8eb3222a689aa32f71ed15f1532ad1/mysql_connector_python-9.3.0-cp313-cp313-macosx_14_0_arm64.whl", hash = "sha256:9516a4cdbaee3c9200f0e7d9aafb31057692f45c202cdcb43a3f9b37c94e7c84", size = 15151425, upload-time = "2025-04-15T18:43:35.573Z" },
    { url = "https://files.pythonhosted.org/packages/db/40/22de86e966e648ea0e3e438ad523c86d0cf4866b3841e248726fb4afded8/mysql_connector_python-9.3.0-cp313-cp313-macosx_14_0_x86_64.whl", hash = "sha256:495798dd34445d749991fb3a2aa87b4205100676939556d8d4aab5d5558e7a1f", size = 15967663, upload-time = "2025-04-15T18:43:38.248Z" },
    { url = "https://files.pythonhosted.org/packages/4c/19/36983937347b6a58af546950c88a9403cdce944893850e80ffb7f602a099/mysql_connector_python-9.3.0-cp313-cp313-manylinux_2_28_aarch64.whl", hash = "sha256:be0ef15f6023ae2037347498f005a4471f694f8a6b8384c3194895e153120286", size = 33457288, upload-time = "2025-04-15T18:43:41.901Z" },
    { url = "https://files.pythonhosted.org/packages/18/12/7ccbc678a130df0f751596b37eddb98b2e40930d0ebc9ee41965ffbf0b92/mysql_connector_python-9.3.0-cp313-cp313-manylinux_2_28_x86_64.whl", hash = "sha256:4364d3a37c449f1c0bb9e52fd4eddc620126b9897b6b9f2fd1b3f33dacc16356", size = 33853838, upload-time = "2025-04-15T18:43:45.505Z" },
    { url = "https://files.pythonhosted.org/packages/c2/5e/c361caa024ce14ffc1f5b153d90f0febf5e9483a60c4b5c84e1e012363cc/mysql_connector_python-9.3.0-cp313-cp313-win_amd64.whl", hash = "sha256:2a5de57814217077a8672063167b616b1034a37b614b93abcb602cc0b8c6fade", size = 16358561, upload-time = "2025-04-15T18:43:49.176Z" },
    { url = "https://files.pythonhosted.org/packages/23/1d/8c2c6672094b538f4881f7714e5332fdcddd05a7e196cbc9eb4a9b5e9a45/mysql_connector_python-9.3.0-py2.py3-none-any.whl", hash = "sha256:8ab7719d614cf5463521082fab86afc21ada504b538166090e00eeaa1ff729bc", size = 399302, upload-time = "2025-04-15T18:44:10.046Z" },
]

[[package]]
name = "pymupdf"
version = "1.26.1"
source = { registry = "https://pypi.org/simple" }
sdist = { url = "https://files.pythonhosted.org/packages/bd/62/d29612ca33b7844e77d2c789fec359f4c44fd84bdd08ce673f6279d257e9/pymupdf-1.26.1.tar.gz", hash = "sha256:372c77c831f82090ce7a6e4de284ca7c5a78220f63038bb28c5d9b279cd7f4d9", size = 75912371, upload-time = "2025-06-11T22:18:30.932Z" }
wheels = [
    { url = "https://files.pythonhosted.org/packages/32/5a/3399a2caf51c91db650de57464465b830c2d4ea15b23d24a98182202b704/pymupdf-1.26.1-cp39-abi3-macosx_10_9_x86_64.whl", hash = "sha256:32296f12a7c7f36febd59cee77823a54490313bcaba9879b17def6518186f94e", size = 23054640, upload-time = "2025-06-11T22:14:07.439Z" },
    { url = "https://files.pythonhosted.org/packages/64/e0/cc3ec6a4d5ada8992b8610f134565ceb517243f12736b50d795cb3459315/pymupdf-1.26.1-cp39-abi3-macosx_11_0_arm64.whl", hash = "sha256:aad7949eca62aca40854510cdb125cf873b181726dc9497a90834200f31faa63", size = 22402766, upload-time = "2025-06-11T22:14:25.557Z" },
    { url = "https://files.pythonhosted.org/packages/82/9f/e7101bd24a0f5cbfa0310c8e5c3a8ec0dd9a86986812ff86ac2fbd273c92/pymupdf-1.26.1-cp39-abi3-manylinux_2_28_x86_64.whl", hash = "sha256:a65c411eb1cbb79e40c307e10fbad23658f19e9d7334ac4de21d24b58009a7b9", size = 24056183, upload-time = "2025-06-11T22:14:53.777Z" },
    { url = "https://files.pythonhosted.org/packages/99/39/23ac15cf0edc2877ef366dc7ae041ac199d212433c2c3113661d1a1d5ad0/pymupdf-1.26.1-cp39-abi3-musllinux_1_2_x86_64.whl", hash = "sha256:26cebdcc1b2b7a7445423599ce2e0000f2be0333cce0fa0e6846e5a7da46f965", size = 24258802, upload-time = "2025-06-11T22:15:20.499Z" },
    { url = "https://files.pythonhosted.org/packages/e1/8c/56bd5951128d5c5c0b64d2942090c2cd7bc44302bac991b941ac736e3d63/pymupdf-1.26.1-cp39-abi3-win32.whl", hash = "sha256:82ed9e106cf564fc959c0691c374ba68443086ba1a1c9f26128eebbc3e6df9e5", size = 16927933, upload-time = "2025-06-11T22:15:59.72Z" },
    { url = "https://files.pythonhosted.org/packages/a7/1b/0613759a059c8c952c18811c7c7dd0ba5d7945ed13a535719489f533d700/pymupdf-1.26.1-cp39-abi3-win_amd64.whl", hash = "sha256:8deae5168fce37d707f68d1981da6c0bb71f1f176d9835d5914ad46f779a036f", size = 18519587, upload-time = "2025-06-11T22:16:38.155Z" },
]

[[package]]
name = "pymysql"
version = "1.1.1"
source = { registry = "https://pypi.org/simple" }
sdist = { url = "https://files.pythonhosted.org/packages/b3/8f/ce59b5e5ed4ce8512f879ff1fa5ab699d211ae2495f1adaa5fbba2a1eada/pymysql-1.1.1.tar.gz", hash = "sha256:e127611aaf2b417403c60bf4dc570124aeb4a57f5f37b8e95ae399a42f904cd0", size = 47678, upload-time = "2024-05-21T11:03:43.722Z" }
wheels = [
    { url = "https://files.pythonhosted.org/packages/0c/94/e4181a1f6286f545507528c78016e00065ea913276888db2262507693ce5/PyMySQL-1.1.1-py3-none-any.whl", hash = "sha256:4de15da4c61dc132f4fb9ab763063e693d521a80fd0e87943b9a453dd4c19d6c", size = 44972, upload-time = "2024-05-21T11:03:41.216Z" },
]

[[package]]
name = "pyqt6"
version = "6.7.0"
source = { registry = "https://pypi.org/simple" }
dependencies = [
    { name = "pyqt6-qt6" },
    { name = "pyqt6-sip" },
]
sdist = { url = "https://files.pythonhosted.org/packages/ce/c6/99127e39e62f0c887a39d9644012867874a68983bd0fe641f00aa796de88/PyQt6-6.7.0.tar.gz", hash = "sha256:3d31b2c59dc378ee26e16586d9469842483588142fc377280aad22aaf2fa6235", size = 1050408, upload-time = "2024-04-26T08:37:11.064Z" }
wheels = [
    { url = "https://files.pythonhosted.org/packages/78/5f/db734184b1baf7aade59543b7f525641aec8e5023bc6d19c0a15269dee95/PyQt6-6.7.0-1-cp38-abi3-macosx_10_14_universal2.whl", hash = "sha256:656734112853fde1be0963f0ad362e5efd87ba6c6ff234cb1f9fe8003ee254e6", size = 11711677, upload-time = "2024-06-03T11:31:03.022Z" },
    { url = "https://files.pythonhosted.org/packages/b9/80/77fd0480c46129ddd4783882f97d5f471477d48eeebeb72ff845aaaab349/PyQt6-6.7.0-1-cp38-abi3-manylinux_2_28_x86_64.whl", hash = "sha256:fa2d27fc2f5340f3f1e145c815101ef4550771a9e4bfafd4c7c2479fe83d9488", size = 8126983, upload-time = "2024-06-03T11:31:06.479Z" },
    { url = "https://files.pythonhosted.org/packages/e0/1c/3f8ec2691f976ee7350c17ba1bbb56efff732eba5a1ef957dc62244c423c/PyQt6-6.7.0-1-cp38-abi3-win_amd64.whl", hash = "sha256:6a1f6dfe03752f888b5e628c208f9fd1a03bda7ebda59ffed8c13580289a1892", size = 6609123, upload-time = "2024-06-03T11:31:09.147Z" },
    { url = "https://files.pythonhosted.org/packages/ea/79/6dfb842096da8e726b62245a6e7c939b6b470217309cf968711c1c632b34/PyQt6-6.7.0-cp38-abi3-macosx_10_14_universal2.whl", hash = "sha256:919ffb01020ece42209228bf94b4f2c156a6b77cc5a69a90a05e358b0333750b", size = 11710796, upload-time = "2024-04-26T08:36:22.93Z" },
    { url = "https://files.pythonhosted.org/packages/ae/32/5686814686c02a3883354b8f3668b33d926b91452cca4fc312024ef4b676/PyQt6-6.7.0-cp38-abi3-manylinux_2_28_x86_64.whl", hash = "sha256:e294f025f94493ee12b66efd6893fab309c9063172bb8a5b184f84dfc1ebcc49", size = 7947682, upload-time = "2024-04-26T08:36:34.977Z" },
    { url = "https://files.pythonhosted.org/packages/06/b6/e0497ae753b7b01d9e6f39488daf3cb90fb5c197861eb4d4f2ccd3c13a95/PyQt6-6.7.0-cp38-abi3-win_amd64.whl", hash = "sha256:9d8865fb6357dba032002c4554a9648e88f2b4706c929cc51fba58edafad91fc", size = 6607265, upload-time = "2024-04-26T08:36:47.113Z" },
]

[[package]]
name = "pyqt6-qt6"
version = "6.7.3"
source = { registry = "https://pypi.org/simple" }
wheels = [
    { url = "https://files.pythonhosted.org/packages/25/a2/9ef7c001068da2d3c8c37fe0e1e0451b1073d47c6ef4e44abf5883559963/PyQt6_Qt6-6.7.3-py3-none-macosx_10_14_x86_64.whl", hash = "sha256:f517a93b6b1a814d4aa6587adc312e812ebaf4d70415bb15cfb44268c5ad3f5f", size = 49136114, upload-time = "2024-09-29T16:25:15.055Z" },
    { url = "https://files.pythonhosted.org/packages/ec/63/a85bdd7c66800208f0af417bb4d07cb1543a75384021e4594e66d919f855/PyQt6_Qt6-6.7.3-py3-none-macosx_11_0_arm64.whl", hash = "sha256:8551732984fb36a5f4f3db51eafc4e8e6caf18617365830285306f2db17a94c2", size = 45762813, upload-time = "2024-09-29T16:25:20.956Z" },
    { url = "https://files.pythonhosted.org/packages/8a/6c/4f329f83a6082a7b4c1dc6046e2c48edb72e0d6d0ca3f8d0701fe134dccf/PyQt6_Qt6-6.7.3-py3-none-manylinux_2_28_aarch64.whl", hash = "sha256:50c7482bcdcf2bb78af257fb10ed8b582f8daf91d829782393bc50ac5a0a900c", size = 63801442, upload-time = "2024-09-29T16:25:26.637Z" },
    { url = "https://files.pythonhosted.org/packages/88/4d/26ca7239f7223e5b95b58a58537a09b069582ebb4dfa38234113a9f898ab/PyQt6_Qt6-6.7.3-py3-none-manylinux_2_28_x86_64.whl", hash = "sha256:cb525fdd393332de60887953029276a44de480fce1d785251ae639580f5e7246", size = 74366973, upload-time = "2024-09-29T16:25:33.595Z" },
    { url = "https://files.pythonhosted.org/packages/7e/57/3b44f6af1020fa543bd564c5bd346ba4aab1f1be0b861c2e8a0ad88cf3ca/PyQt6_Qt6-6.7.3-py3-none-win_amd64.whl", hash = "sha256:36ea0892b8caeb983af3f285f45fb8dfbb93cfd972439f4e01b7efb2868f6230", size = 58467498, upload-time = "2024-09-29T16:25:39.569Z" },
]

[[package]]
name = "pyqt6-sip"
version = "13.10.2"
source = { registry = "https://pypi.org/simple" }
sdist = { url = "https://files.pythonhosted.org/packages/2f/4a/96daf6c2e4f689faae9bd8cebb52754e76522c58a6af9b5ec86a2e8ec8b4/pyqt6_sip-13.10.2.tar.gz", hash = "sha256:464ad156bf526500ce6bd05cac7a82280af6309974d816739b4a9a627156fafe", size = 92548, upload-time = "2025-05-23T12:26:49.901Z" }
wheels = [
    { url = "https://files.pythonhosted.org/packages/a1/1e/979ea64c98ca26979d8ce11e9a36579e17d22a71f51d7366d6eec3c82c13/pyqt6_sip-13.10.2-cp313-cp313-macosx_10_13_universal2.whl", hash = "sha256:8b5d06a0eac36038fa8734657d99b5fe92263ae7a0cd0a67be6acfe220a063e1", size = 112227, upload-time = "2025-05-23T12:26:38.758Z" },
    { url = "https://files.pythonhosted.org/packages/d9/21/84c230048e3bfef4a9209d16e56dcd2ae10590d03a31556ae8b5f1dcc724/pyqt6_sip-13.10.2-cp313-cp313-manylinux_2_17_aarch64.manylinux2014_aarch64.whl", hash = "sha256:ad376a6078da37b049fdf9d6637d71b52727e65c4496a80b753ddc8d27526aca", size = 322920, upload-time = "2025-05-23T12:26:39.856Z" },
    { url = "https://files.pythonhosted.org/packages/b0/1e/c6a28a142f14e735088534cc92951c3f48cccd77cdd4f3b10d7996be420f/pyqt6_sip-13.10.2-cp313-cp313-manylinux_2_5_x86_64.manylinux1_x86_64.whl", hash = "sha256:3dde8024d055f496eba7d44061c5a1ba4eb72fc95e5a9d7a0dbc908317e0888b", size = 303833, upload-time = "2025-05-23T12:26:41.075Z" },
    { url = "https://files.pythonhosted.org/packages/89/63/e5adf350c1c3123d4865c013f164c5265512fa79f09ad464fb2fdf9f9e61/pyqt6_sip-13.10.2-cp313-cp313-win_amd64.whl", hash = "sha256:0b097eb58b4df936c4a2a88a2f367c8bb5c20ff049a45a7917ad75d698e3b277", size = 53527, upload-time = "2025-05-23T12:26:42.625Z" },
    { url = "https://files.pythonhosted.org/packages/58/74/2df4195306d050fbf4963fb5636108a66e5afa6dc05fd9e81e51ec96c384/pyqt6_sip-13.10.2-cp313-cp313-win_arm64.whl", hash = "sha256:cc6a1dfdf324efaac6e7b890a608385205e652845c62130de919fd73a6326244", size = 45373, upload-time = "2025-05-23T12:26:43.536Z" },
]

[[package]]
name = "tubes3-u-tiga"
version = "0.1.0"
source = { virtual = "." }
dependencies = [
    { name = "mysql-connector-python" },
    { name = "pymupdf" },
    { name = "pymysql" },
    { name = "pyqt6" },
]

[package.metadata]
requires-dist = [
    { name = "mysql-connector-python", specifier = ">=8.0.35" },
    { name = "pymupdf", specifier = ">=1.26.1" },
    { name = "pymysql", specifier = ">=1.1.1" },
    { name = "pyqt6", specifier = "==6.7.0" },
]
